
Microsoft Visual Studio Solution File, Format Version 12.00
Project("{FAE04EC0-301F-11D3-BF4B-00C04F79EFBC}") = "CalculMethods", "CalculMethods\CalculMethods.csproj", "{DB77CF6A-5E15-4FCE-82CE-57C095094AFC}"
EndProject
Global
	GlobalSection(SolutionConfigurationPlatforms) = preSolution
		Debug|Any CPU = Debug|Any CPU
		Release|Any CPU = Release|Any CPU
	EndGlobalSection
	GlobalSection(ProjectConfigurationPlatforms) = postSolution
		{DB77CF6A-5E15-4FCE-82CE-57C095094AFC}.Debug|Any CPU.ActiveCfg = Debug|Any CPU
		{DB77CF6A-5E15-4FCE-82CE-57C095094AFC}.Debug|Any CPU.Build.0 = Debug|Any CPU
		{DB77CF6A-5E15-4FCE-82CE-57C095094AFC}.Release|Any CPU.ActiveCfg = Release|Any CPU
		{DB77CF6A-5E15-4FCE-82CE-57C095094AFC}.Release|Any CPU.Build.0 = Release|Any CPU
	EndGlobalSection
EndGlobal
